// !$*UTF8*$!
{
	archiveVersion = 1;
	classes = {
	};
	objectVersion = 46;
	objects = {

/* Begin PBXContainerItemProxy section */
		87D1F4781C16B6290097CAC5 /* PBXContainerItemProxy */ = {
			isa = PBXContainerItemProxy;
			containerPortal = 87D1F4551C16B60C0097CAC5 /* OSX.xcodeproj */;
			proxyType = 2;
			remoteGlobalIDString = 87D1F45D1C16B61D0097CAC5;
			remoteInfo = AUI;
		};
		87D1F47A1C16B6290097CAC5 /* PBXContainerItemProxy */ = {
			isa = PBXContainerItemProxy;
			containerPortal = 87D1F4551C16B60C0097CAC5 /* OSX.xcodeproj */;
			proxyType = 2;
			remoteGlobalIDString = 87D1F4671C16B61D0097CAC5;
			remoteInfo = AUITests;
		};
/* End PBXContainerItemProxy section */

/* Begin PBXFileReference section */
		87D1F4551C16B60C0097CAC5 /* OSX.xcodeproj */ = {isa = PBXFileReference; lastKnownFileType = "wrapper.pb-project"; name = OSX.xcodeproj; path = OSX/OSX.xcodeproj; sourceTree = "<group>"; };
		87D1F4831C16B6A00097CAC5 /* AudioDeviceProtocol.swift */ = {isa = PBXFileReference; lastKnownFileType = sourcecode.swift; path = AudioDeviceProtocol.swift; sourceTree = "<group>"; };
/* End PBXFileReference section */

/* Begin PBXGroup section */
		87D1F4471C16B6040097CAC5 = {
			isa = PBXGroup;
			children = (
				87D1F47C1C16B62D0097CAC5 /* Configurations */,
				87D1F4751C16B6280097CAC5 /* Sources */,
			);
			sourceTree = "<group>";
		};
		87D1F4561C16B60C0097CAC5 /* Products */ = {
			isa = PBXGroup;
			children = (
				87D1F4791C16B6290097CAC5 /* AUI.framework */,
				87D1F47B1C16B6290097CAC5 /* AUITests.xctest */,
			);
			name = Products;
			sourceTree = "<group>";
		};
		87D1F4751C16B6280097CAC5 /* Sources */ = {
			isa = PBXGroup;
			children = (
				87D1F4831C16B6A00097CAC5 /* AudioDeviceProtocol.swift */,
			);
			name = Sources;
			sourceTree = "<group>";
		};
		87D1F47C1C16B62D0097CAC5 /* Configurations */ = {
			isa = PBXGroup;
			children = (
				87D1F4551C16B60C0097CAC5 /* OSX.xcodeproj */,
			);
			name = Configurations;
			sourceTree = "<group>";
		};
/* End PBXGroup section */

/* Begin PBXProject section */
		87D1F4481C16B6040097CAC5 /* Project object */ = {
			isa = PBXProject;
			attributes = {
				LastUpgradeCheck = 0710;
			};
			buildConfigurationList = 87D1F44B1C16B6040097CAC5 /* Build configuration list for PBXProject "AUI" */;
			compatibilityVersion = "Xcode 3.2";
			developmentRegion = English;
			hasScannedForEncodings = 0;
			knownRegions = (
				en,
			);
			mainGroup = 87D1F4471C16B6040097CAC5;
			projectDirPath = "";
			projectReferences = (
				{
					ProductGroup = 87D1F4561C16B60C0097CAC5 /* Products */;
					ProjectRef = 87D1F4551C16B60C0097CAC5 /* OSX.xcodeproj */;
				},
			);
			projectRoot = "";
			targets = (
			);
		};
/* End PBXProject section */

/* Begin PBXReferenceProxy section */
		87D1F4791C16B6290097CAC5 /* AUI.framework */ = {
			isa = PBXReferenceProxy;
			fileType = wrapper.framework;
			path = AUI.framework;
			remoteRef = 87D1F4781C16B6290097CAC5 /* PBXContainerItemProxy */;
			sourceTree = BUILT_PRODUCTS_DIR;
		};
		87D1F47B1C16B6290097CAC5 /* AUITests.xctest */ = {
			isa = PBXReferenceProxy;
			fileType = wrapper.cfbundle;
			path = AUITests.xctest;
			remoteRef = 87D1F47A1C16B6290097CAC5 /* PBXContainerItemProxy */;
			sourceTree = BUILT_PRODUCTS_DIR;
		};
/* End PBXReferenceProxy section */

/* Begin XCBuildConfiguration section */
		87D1F44C1C16B6040097CAC5 /* Debug */ = {
			isa = XCBuildConfiguration;
			buildSettings = {
			};
			name = Debug;
		};
		87D1F44D1C16B6040097CAC5 /* Release */ = {
			isa = XCBuildConfiguration;
			buildSettings = {
			};
			name = Release;
		};
/* End XCBuildConfiguration section */

/* Begin XCConfigurationList section */
		87D1F44B1C16B6040097CAC5 /* Build configuration list for PBXProject "AUI" */ = {
			isa = XCConfigurationList;
			buildConfigurations = (
				87D1F44C1C16B6040097CAC5 /* Debug */,
				87D1F44D1C16B6040097CAC5 /* Release */,
			);
			defaultConfigurationIsVisible = 0;
			defaultConfigurationName = Release;
		};
/* End XCConfigurationList section */
	};
	rootObject = 87D1F4481C16B6040097CAC5 /* Project object */;
}
